
Microsoft Visual Studio Solution File, Format Version 12.00
# Visual Studio 15
VisualStudioVersion = 15.0.26124.0
MinimumVisualStudioVersion = 15.0.26124.0
Project("{FAE04EC0-301F-11D3-BF4B-00C04F79EFBC}") = "01-ByteBank", "01-ByteBank\01-ByteBank.csproj", "{FC241EB5-1ECB-423A-811C-21435E37E45B}"
EndProject
Project("{FAE04EC0-301F-11D3-BF4B-00C04F79EFBC}") = "02-ByteBank", "02-ByteBank\02-ByteBank.csproj", "{CE637C71-9E55-4719-86ED-C9A2676CACFA}"
EndProject
Project("{FAE04EC0-301F-11D3-BF4B-00C04F79EFBC}") = "03-ByteBank", "03-ByteBank\03-ByteBank.csproj", "{5636F784-F68F-44DB-902F-31424C0B5F0A}"
EndProject
Project("{FAE04EC0-301F-11D3-BF4B-00C04F79EFBC}") = "04-ByteBank", "04-ByteBank\04-ByteBank.csproj", "{8661B102-AC29-4DE7-94AE-CB753EB101FE}"
EndProject
Project("{FAE04EC0-301F-11D3-BF4B-00C04F79EFBC}") = "05-ByteBank", "05-ByteBank\05-ByteBank.csproj", "{F57BFB6A-108D-4905-A266-A50378743C4B}"
EndProject
Project("{FAE04EC0-301F-11D3-BF4B-00C04F79EFBC}") = "06-ByteBank", "06-ByteBank\06-ByteBank.csproj", "{ACE0BC60-CF4F-4718-A2A7-3A09C43E36B1}"
EndProject
Global
	GlobalSection(SolutionConfigurationPlatforms) = preSolution
		Debug|Any CPU = Debug|Any CPU
		Debug|x64 = Debug|x64
		Debug|x86 = Debug|x86
		Release|Any CPU = Release|Any CPU
		Release|x64 = Release|x64
		Release|x86 = Release|x86
	EndGlobalSection
	GlobalSection(SolutionProperties) = preSolution
		HideSolutionNode = FALSE
	EndGlobalSection
	GlobalSection(ProjectConfigurationPlatforms) = postSolution
		{FC241EB5-1ECB-423A-811C-21435E37E45B}.Debug|Any CPU.ActiveCfg = Debug|Any CPU
		{FC241EB5-1ECB-423A-811C-21435E37E45B}.Debug|Any CPU.Build.0 = Debug|Any CPU
		{FC241EB5-1ECB-423A-811C-21435E37E45B}.Debug|x64.ActiveCfg = Debug|Any CPU
		{FC241EB5-1ECB-423A-811C-21435E37E45B}.Debug|x64.Build.0 = Debug|Any CPU
		{FC241EB5-1ECB-423A-811C-21435E37E45B}.Debug|x86.ActiveCfg = Debug|Any CPU
		{FC241EB5-1ECB-423A-811C-21435E37E45B}.Debug|x86.Build.0 = Debug|Any CPU
		{FC241EB5-1ECB-423A-811C-21435E37E45B}.Release|Any CPU.ActiveCfg = Release|Any CPU
		{FC241EB5-1ECB-423A-811C-21435E37E45B}.Release|Any CPU.Build.0 = Release|Any CPU
		{FC241EB5-1ECB-423A-811C-21435E37E45B}.Release|x64.ActiveCfg = Release|Any CPU
		{FC241EB5-1ECB-423A-811C-21435E37E45B}.Release|x64.Build.0 = Release|Any CPU
		{FC241EB5-1ECB-423A-811C-21435E37E45B}.Release|x86.ActiveCfg = Release|Any CPU
		{FC241EB5-1ECB-423A-811C-21435E37E45B}.Release|x86.Build.0 = Release|Any CPU
		{CE637C71-9E55-4719-86ED-C9A2676CACFA}.Debug|Any CPU.ActiveCfg = Debug|Any CPU
		{CE637C71-9E55-4719-86ED-C9A2676CACFA}.Debug|Any CPU.Build.0 = Debug|Any CPU
		{CE637C71-9E55-4719-86ED-C9A2676CACFA}.Debug|x64.ActiveCfg = Debug|Any CPU
		{CE637C71-9E55-4719-86ED-C9A2676CACFA}.Debug|x64.Build.0 = Debug|Any CPU
		{CE637C71-9E55-4719-86ED-C9A2676CACFA}.Debug|x86.ActiveCfg = Debug|Any CPU
		{CE637C71-9E55-4719-86ED-C9A2676CACFA}.Debug|x86.Build.0 = Debug|Any CPU
		{CE637C71-9E55-4719-86ED-C9A2676CACFA}.Release|Any CPU.ActiveCfg = Release|Any CPU
		{CE637C71-9E55-4719-86ED-C9A2676CACFA}.Release|Any CPU.Build.0 = Release|Any CPU
		{CE637C71-9E55-4719-86ED-C9A2676CACFA}.Release|x64.ActiveCfg = Release|Any CPU
		{CE637C71-9E55-4719-86ED-C9A2676CACFA}.Release|x64.Build.0 = Release|Any CPU
		{CE637C71-9E55-4719-86ED-C9A2676CACFA}.Release|x86.ActiveCfg = Release|Any CPU
		{CE637C71-9E55-4719-86ED-C9A2676CACFA}.Release|x86.Build.0 = Release|Any CPU
		{5636F784-F68F-44DB-902F-31424C0B5F0A}.Debug|Any CPU.ActiveCfg = Debug|Any CPU
		{5636F784-F68F-44DB-902F-31424C0B5F0A}.Debug|Any CPU.Build.0 = Debug|Any CPU
		{5636F784-F68F-44DB-902F-31424C0B5F0A}.Debug|x64.ActiveCfg = Debug|Any CPU
		{5636F784-F68F-44DB-902F-31424C0B5F0A}.Debug|x64.Build.0 = Debug|Any CPU
		{5636F784-F68F-44DB-902F-31424C0B5F0A}.Debug|x86.ActiveCfg = Debug|Any CPU
		{5636F784-F68F-44DB-902F-31424C0B5F0A}.Debug|x86.Build.0 = Debug|Any CPU
		{5636F784-F68F-44DB-902F-31424C0B5F0A}.Release|Any CPU.ActiveCfg = Release|Any CPU
		{5636F784-F68F-44DB-902F-31424C0B5F0A}.Release|Any CPU.Build.0 = Release|Any CPU
		{5636F784-F68F-44DB-902F-31424C0B5F0A}.Release|x64.ActiveCfg = Release|Any CPU
		{5636F784-F68F-44DB-902F-31424C0B5F0A}.Release|x64.Build.0 = Release|Any CPU
		{5636F784-F68F-44DB-902F-31424C0B5F0A}.Release|x86.ActiveCfg = Release|Any CPU
		{5636F784-F68F-44DB-902F-31424C0B5F0A}.Release|x86.Build.0 = Release|Any CPU
		{8661B102-AC29-4DE7-94AE-CB753EB101FE}.Debug|Any CPU.ActiveCfg = Debug|Any CPU
		{8661B102-AC29-4DE7-94AE-CB753EB101FE}.Debug|Any CPU.Build.0 = Debug|Any CPU
		{8661B102-AC29-4DE7-94AE-CB753EB101FE}.Debug|x64.ActiveCfg = Debug|Any CPU
		{8661B102-AC29-4DE7-94AE-CB753EB101FE}.Debug|x64.Build.0 = Debug|Any CPU
		{8661B102-AC29-4DE7-94AE-CB753EB101FE}.Debug|x86.ActiveCfg = Debug|Any CPU
		{8661B102-AC29-4DE7-94AE-CB753EB101FE}.Debug|x86.Build.0 = Debug|Any CPU
		{8661B102-AC29-4DE7-94AE-CB753EB101FE}.Release|Any CPU.ActiveCfg = Release|Any CPU
		{8661B102-AC29-4DE7-94AE-CB753EB101FE}.Release|Any CPU.Build.0 = Release|Any CPU
		{8661B102-AC29-4DE7-94AE-CB753EB101FE}.Release|x64.ActiveCfg = Release|Any CPU
		{8661B102-AC29-4DE7-94AE-CB753EB101FE}.Release|x64.Build.0 = Release|Any CPU
		{8661B102-AC29-4DE7-94AE-CB753EB101FE}.Release|x86.ActiveCfg = Release|Any CPU
		{8661B102-AC29-4DE7-94AE-CB753EB101FE}.Release|x86.Build.0 = Release|Any CPU
		{F57BFB6A-108D-4905-A266-A50378743C4B}.Debug|Any CPU.ActiveCfg = Debug|Any CPU
		{F57BFB6A-108D-4905-A266-A50378743C4B}.Debug|Any CPU.Build.0 = Debug|Any CPU
		{F57BFB6A-108D-4905-A266-A50378743C4B}.Debug|x64.ActiveCfg = Debug|Any CPU
		{F57BFB6A-108D-4905-A266-A50378743C4B}.Debug|x64.Build.0 = Debug|Any CPU
		{F57BFB6A-108D-4905-A266-A50378743C4B}.Debug|x86.ActiveCfg = Debug|Any CPU
		{F57BFB6A-108D-4905-A266-A50378743C4B}.Debug|x86.Build.0 = Debug|Any CPU
		{F57BFB6A-108D-4905-A266-A50378743C4B}.Release|Any CPU.ActiveCfg = Release|Any CPU
		{F57BFB6A-108D-4905-A266-A50378743C4B}.Release|Any CPU.Build.0 = Release|Any CPU
		{F57BFB6A-108D-4905-A266-A50378743C4B}.Release|x64.ActiveCfg = Release|Any CPU
		{F57BFB6A-108D-4905-A266-A50378743C4B}.Release|x64.Build.0 = Release|Any CPU
		{F57BFB6A-108D-4905-A266-A50378743C4B}.Release|x86.ActiveCfg = Release|Any CPU
		{F57BFB6A-108D-4905-A266-A50378743C4B}.Release|x86.Build.0 = Release|Any CPU
		{ACE0BC60-CF4F-4718-A2A7-3A09C43E36B1}.Debug|Any CPU.ActiveCfg = Debug|Any CPU
		{ACE0BC60-CF4F-4718-A2A7-3A09C43E36B1}.Debug|Any CPU.Build.0 = Debug|Any CPU
		{ACE0BC60-CF4F-4718-A2A7-3A09C43E36B1}.Debug|x64.ActiveCfg = Debug|Any CPU
		{ACE0BC60-CF4F-4718-A2A7-3A09C43E36B1}.Debug|x64.Build.0 = Debug|Any CPU
		{ACE0BC60-CF4F-4718-A2A7-3A09C43E36B1}.Debug|x86.ActiveCfg = Debug|Any CPU
		{ACE0BC60-CF4F-4718-A2A7-3A09C43E36B1}.Debug|x86.Build.0 = Debug|Any CPU
		{ACE0BC60-CF4F-4718-A2A7-3A09C43E36B1}.Release|Any CPU.ActiveCfg = Release|Any CPU
		{ACE0BC60-CF4F-4718-A2A7-3A09C43E36B1}.Release|Any CPU.Build.0 = Release|Any CPU
		{ACE0BC60-CF4F-4718-A2A7-3A09C43E36B1}.Release|x64.ActiveCfg = Release|Any CPU
		{ACE0BC60-CF4F-4718-A2A7-3A09C43E36B1}.Release|x64.Build.0 = Release|Any CPU
		{ACE0BC60-CF4F-4718-A2A7-3A09C43E36B1}.Release|x86.ActiveCfg = Release|Any CPU
		{ACE0BC60-CF4F-4718-A2A7-3A09C43E36B1}.Release|x86.Build.0 = Release|Any CPU
	EndGlobalSection
EndGlobal
