
Microsoft Visual Studio Solution File, Format Version 12.00
# Visual Studio 15
VisualStudioVersion = 15.0.26124.0
MinimumVisualStudioVersion = 15.0.26124.0
Project("{FAE04EC0-301F-11D3-BF4B-00C04F79EFBC}") = "1-MeuPrimeiroPrograma", "1-MeuPrimeiroPrograma\1-MeuPrimeiroPrograma.csproj", "{FEBDF439-D288-4018-956B-10D9D400F014}"
EndProject
Project("{FAE04EC0-301F-11D3-BF4B-00C04F79EFBC}") = "2-CriandoVariaveis", "2-CriandoVariaveis\2-CriandoVariaveis.csproj", "{31590B41-ECC3-4FB4-B2FA-E368A47BC1DF}"
EndProject
Project("{FAE04EC0-301F-11D3-BF4B-00C04F79EFBC}") = "3-CriandoVariaveisPontoFlutuante", "3-CriandoVariaveisPontoFlutuante\3-CriandoVariaveisPontoFlutuante.csproj", "{1F14D034-E90F-4A50-B6DE-7266C80E6B1F}"
EndProject
Project("{FAE04EC0-301F-11D3-BF4B-00C04F79EFBC}") = "4-ConversoesEOutrosTiposNumericos", "4-ConversoesEOutrosTiposNumericos\4-ConversoesEOutrosTiposNumericos.csproj", "{C973CEB2-7602-4F38-88F0-D521875FF18C}"
EndProject
Project("{FAE04EC0-301F-11D3-BF4B-00C04F79EFBC}") = "5-CaracteresETextos", "5-CaracteresETextos\5-CaracteresETextos.csproj", "{AAD2E50B-B2BB-4F74-A354-CCDF59C5FC4D}"
EndProject
Project("{FAE04EC0-301F-11D3-BF4B-00C04F79EFBC}") = "6-AtribuicoesDeVariaveis", "6-AtribuicoesDeVariaveis\6-AtribuicoesDeVariaveis.csproj", "{BE96DE6A-8B7A-4125-8FB2-2D966E33C67F}"
EndProject
Project("{FAE04EC0-301F-11D3-BF4B-00C04F79EFBC}") = "7-Condicionais", "7-Condicionais\7-Condicionais.csproj", "{2AD6DF4C-3B1B-482A-B2A1-6A0D719E0013}"
EndProject
Project("{FAE04EC0-301F-11D3-BF4B-00C04F79EFBC}") = "8-Condicionais2", "8-Condicionais2\8-Condicionais2.csproj", "{B1FC5B14-C82F-44FD-9DE0-25459AE8880F}"
EndProject
Project("{FAE04EC0-301F-11D3-BF4B-00C04F79EFBC}") = "9-Escopo", "9-Escopo\9-Escopo.csproj", "{935C70F1-66C3-4CC4-BC1D-A51C1BCE01FE}"
EndProject
Project("{FAE04EC0-301F-11D3-BF4B-00C04F79EFBC}") = "P10-CalculaPoupanca", "P10-CalculaPoupanca\P10-CalculaPoupanca.csproj", "{81476D95-EEF7-4CF3-912B-F0F5C79FA48D}"
EndProject
Project("{FAE04EC0-301F-11D3-BF4B-00C04F79EFBC}") = "P11-CalculaPoupanca2", "P11-CalculaPoupanca2\P11-CalculaPoupanca2.csproj", "{94DD8AE6-D6B4-475C-AE25-E397BFFBE0D9}"
EndProject
Project("{FAE04EC0-301F-11D3-BF4B-00C04F79EFBC}") = "P12-CalculaInvestimentoLongoPrazo", "P12-CalculaInvestimentoLongoPrazo\P12-CalculaInvestimentoLongoPrazo.csproj", "{7A5CD699-184A-4632-984A-68711CB4F0F8}"
EndProject
Project("{FAE04EC0-301F-11D3-BF4B-00C04F79EFBC}") = "P13-ForEncadeado", "P13-ForEncadeado\P13-ForEncadeado.csproj", "{36F51E43-9097-4656-925B-B5C9FB423D2B}"
EndProject
Global
	GlobalSection(SolutionProperties) = preSolution
		HideSolutionNode = FALSE
	EndGlobalSection
	GlobalSection(SolutionConfigurationPlatforms) = preSolution
		Debug|Any CPU = Debug|Any CPU
		Debug|x64 = Debug|x64
		Debug|x86 = Debug|x86
		Release|Any CPU = Release|Any CPU
		Release|x64 = Release|x64
		Release|x86 = Release|x86
	EndGlobalSection
	GlobalSection(ProjectConfigurationPlatforms) = postSolution
		{FEBDF439-D288-4018-956B-10D9D400F014}.Debug|Any CPU.ActiveCfg = Debug|Any CPU
		{FEBDF439-D288-4018-956B-10D9D400F014}.Debug|Any CPU.Build.0 = Debug|Any CPU
		{FEBDF439-D288-4018-956B-10D9D400F014}.Debug|x64.ActiveCfg = Debug|Any CPU
		{FEBDF439-D288-4018-956B-10D9D400F014}.Debug|x64.Build.0 = Debug|Any CPU
		{FEBDF439-D288-4018-956B-10D9D400F014}.Debug|x86.ActiveCfg = Debug|Any CPU
		{FEBDF439-D288-4018-956B-10D9D400F014}.Debug|x86.Build.0 = Debug|Any CPU
		{FEBDF439-D288-4018-956B-10D9D400F014}.Release|Any CPU.ActiveCfg = Release|Any CPU
		{FEBDF439-D288-4018-956B-10D9D400F014}.Release|Any CPU.Build.0 = Release|Any CPU
		{FEBDF439-D288-4018-956B-10D9D400F014}.Release|x64.ActiveCfg = Release|Any CPU
		{FEBDF439-D288-4018-956B-10D9D400F014}.Release|x64.Build.0 = Release|Any CPU
		{FEBDF439-D288-4018-956B-10D9D400F014}.Release|x86.ActiveCfg = Release|Any CPU
		{FEBDF439-D288-4018-956B-10D9D400F014}.Release|x86.Build.0 = Release|Any CPU
		{31590B41-ECC3-4FB4-B2FA-E368A47BC1DF}.Debug|Any CPU.ActiveCfg = Debug|Any CPU
		{31590B41-ECC3-4FB4-B2FA-E368A47BC1DF}.Debug|Any CPU.Build.0 = Debug|Any CPU
		{31590B41-ECC3-4FB4-B2FA-E368A47BC1DF}.Debug|x64.ActiveCfg = Debug|Any CPU
		{31590B41-ECC3-4FB4-B2FA-E368A47BC1DF}.Debug|x64.Build.0 = Debug|Any CPU
		{31590B41-ECC3-4FB4-B2FA-E368A47BC1DF}.Debug|x86.ActiveCfg = Debug|Any CPU
		{31590B41-ECC3-4FB4-B2FA-E368A47BC1DF}.Debug|x86.Build.0 = Debug|Any CPU
		{31590B41-ECC3-4FB4-B2FA-E368A47BC1DF}.Release|Any CPU.ActiveCfg = Release|Any CPU
		{31590B41-ECC3-4FB4-B2FA-E368A47BC1DF}.Release|Any CPU.Build.0 = Release|Any CPU
		{31590B41-ECC3-4FB4-B2FA-E368A47BC1DF}.Release|x64.ActiveCfg = Release|Any CPU
		{31590B41-ECC3-4FB4-B2FA-E368A47BC1DF}.Release|x64.Build.0 = Release|Any CPU
		{31590B41-ECC3-4FB4-B2FA-E368A47BC1DF}.Release|x86.ActiveCfg = Release|Any CPU
		{31590B41-ECC3-4FB4-B2FA-E368A47BC1DF}.Release|x86.Build.0 = Release|Any CPU
		{1F14D034-E90F-4A50-B6DE-7266C80E6B1F}.Debug|Any CPU.ActiveCfg = Debug|Any CPU
		{1F14D034-E90F-4A50-B6DE-7266C80E6B1F}.Debug|Any CPU.Build.0 = Debug|Any CPU
		{1F14D034-E90F-4A50-B6DE-7266C80E6B1F}.Debug|x64.ActiveCfg = Debug|Any CPU
		{1F14D034-E90F-4A50-B6DE-7266C80E6B1F}.Debug|x64.Build.0 = Debug|Any CPU
		{1F14D034-E90F-4A50-B6DE-7266C80E6B1F}.Debug|x86.ActiveCfg = Debug|Any CPU
		{1F14D034-E90F-4A50-B6DE-7266C80E6B1F}.Debug|x86.Build.0 = Debug|Any CPU
		{1F14D034-E90F-4A50-B6DE-7266C80E6B1F}.Release|Any CPU.ActiveCfg = Release|Any CPU
		{1F14D034-E90F-4A50-B6DE-7266C80E6B1F}.Release|Any CPU.Build.0 = Release|Any CPU
		{1F14D034-E90F-4A50-B6DE-7266C80E6B1F}.Release|x64.ActiveCfg = Release|Any CPU
		{1F14D034-E90F-4A50-B6DE-7266C80E6B1F}.Release|x64.Build.0 = Release|Any CPU
		{1F14D034-E90F-4A50-B6DE-7266C80E6B1F}.Release|x86.ActiveCfg = Release|Any CPU
		{1F14D034-E90F-4A50-B6DE-7266C80E6B1F}.Release|x86.Build.0 = Release|Any CPU
		{C973CEB2-7602-4F38-88F0-D521875FF18C}.Debug|Any CPU.ActiveCfg = Debug|Any CPU
		{C973CEB2-7602-4F38-88F0-D521875FF18C}.Debug|Any CPU.Build.0 = Debug|Any CPU
		{C973CEB2-7602-4F38-88F0-D521875FF18C}.Debug|x64.ActiveCfg = Debug|Any CPU
		{C973CEB2-7602-4F38-88F0-D521875FF18C}.Debug|x64.Build.0 = Debug|Any CPU
		{C973CEB2-7602-4F38-88F0-D521875FF18C}.Debug|x86.ActiveCfg = Debug|Any CPU
		{C973CEB2-7602-4F38-88F0-D521875FF18C}.Debug|x86.Build.0 = Debug|Any CPU
		{C973CEB2-7602-4F38-88F0-D521875FF18C}.Release|Any CPU.ActiveCfg = Release|Any CPU
		{C973CEB2-7602-4F38-88F0-D521875FF18C}.Release|Any CPU.Build.0 = Release|Any CPU
		{C973CEB2-7602-4F38-88F0-D521875FF18C}.Release|x64.ActiveCfg = Release|Any CPU
		{C973CEB2-7602-4F38-88F0-D521875FF18C}.Release|x64.Build.0 = Release|Any CPU
		{C973CEB2-7602-4F38-88F0-D521875FF18C}.Release|x86.ActiveCfg = Release|Any CPU
		{C973CEB2-7602-4F38-88F0-D521875FF18C}.Release|x86.Build.0 = Release|Any CPU
		{AAD2E50B-B2BB-4F74-A354-CCDF59C5FC4D}.Debug|Any CPU.ActiveCfg = Debug|Any CPU
		{AAD2E50B-B2BB-4F74-A354-CCDF59C5FC4D}.Debug|Any CPU.Build.0 = Debug|Any CPU
		{AAD2E50B-B2BB-4F74-A354-CCDF59C5FC4D}.Debug|x64.ActiveCfg = Debug|Any CPU
		{AAD2E50B-B2BB-4F74-A354-CCDF59C5FC4D}.Debug|x64.Build.0 = Debug|Any CPU
		{AAD2E50B-B2BB-4F74-A354-CCDF59C5FC4D}.Debug|x86.ActiveCfg = Debug|Any CPU
		{AAD2E50B-B2BB-4F74-A354-CCDF59C5FC4D}.Debug|x86.Build.0 = Debug|Any CPU
		{AAD2E50B-B2BB-4F74-A354-CCDF59C5FC4D}.Release|Any CPU.ActiveCfg = Release|Any CPU
		{AAD2E50B-B2BB-4F74-A354-CCDF59C5FC4D}.Release|Any CPU.Build.0 = Release|Any CPU
		{AAD2E50B-B2BB-4F74-A354-CCDF59C5FC4D}.Release|x64.ActiveCfg = Release|Any CPU
		{AAD2E50B-B2BB-4F74-A354-CCDF59C5FC4D}.Release|x64.Build.0 = Release|Any CPU
		{AAD2E50B-B2BB-4F74-A354-CCDF59C5FC4D}.Release|x86.ActiveCfg = Release|Any CPU
		{AAD2E50B-B2BB-4F74-A354-CCDF59C5FC4D}.Release|x86.Build.0 = Release|Any CPU
		{BE96DE6A-8B7A-4125-8FB2-2D966E33C67F}.Debug|Any CPU.ActiveCfg = Debug|Any CPU
		{BE96DE6A-8B7A-4125-8FB2-2D966E33C67F}.Debug|Any CPU.Build.0 = Debug|Any CPU
		{BE96DE6A-8B7A-4125-8FB2-2D966E33C67F}.Debug|x64.ActiveCfg = Debug|Any CPU
		{BE96DE6A-8B7A-4125-8FB2-2D966E33C67F}.Debug|x64.Build.0 = Debug|Any CPU
		{BE96DE6A-8B7A-4125-8FB2-2D966E33C67F}.Debug|x86.ActiveCfg = Debug|Any CPU
		{BE96DE6A-8B7A-4125-8FB2-2D966E33C67F}.Debug|x86.Build.0 = Debug|Any CPU
		{BE96DE6A-8B7A-4125-8FB2-2D966E33C67F}.Release|Any CPU.ActiveCfg = Release|Any CPU
		{BE96DE6A-8B7A-4125-8FB2-2D966E33C67F}.Release|Any CPU.Build.0 = Release|Any CPU
		{BE96DE6A-8B7A-4125-8FB2-2D966E33C67F}.Release|x64.ActiveCfg = Release|Any CPU
		{BE96DE6A-8B7A-4125-8FB2-2D966E33C67F}.Release|x64.Build.0 = Release|Any CPU
		{BE96DE6A-8B7A-4125-8FB2-2D966E33C67F}.Release|x86.ActiveCfg = Release|Any CPU
		{BE96DE6A-8B7A-4125-8FB2-2D966E33C67F}.Release|x86.Build.0 = Release|Any CPU
		{2AD6DF4C-3B1B-482A-B2A1-6A0D719E0013}.Debug|Any CPU.ActiveCfg = Debug|Any CPU
		{2AD6DF4C-3B1B-482A-B2A1-6A0D719E0013}.Debug|Any CPU.Build.0 = Debug|Any CPU
		{2AD6DF4C-3B1B-482A-B2A1-6A0D719E0013}.Debug|x64.ActiveCfg = Debug|Any CPU
		{2AD6DF4C-3B1B-482A-B2A1-6A0D719E0013}.Debug|x64.Build.0 = Debug|Any CPU
		{2AD6DF4C-3B1B-482A-B2A1-6A0D719E0013}.Debug|x86.ActiveCfg = Debug|Any CPU
		{2AD6DF4C-3B1B-482A-B2A1-6A0D719E0013}.Debug|x86.Build.0 = Debug|Any CPU
		{2AD6DF4C-3B1B-482A-B2A1-6A0D719E0013}.Release|Any CPU.ActiveCfg = Release|Any CPU
		{2AD6DF4C-3B1B-482A-B2A1-6A0D719E0013}.Release|Any CPU.Build.0 = Release|Any CPU
		{2AD6DF4C-3B1B-482A-B2A1-6A0D719E0013}.Release|x64.ActiveCfg = Release|Any CPU
		{2AD6DF4C-3B1B-482A-B2A1-6A0D719E0013}.Release|x64.Build.0 = Release|Any CPU
		{2AD6DF4C-3B1B-482A-B2A1-6A0D719E0013}.Release|x86.ActiveCfg = Release|Any CPU
		{2AD6DF4C-3B1B-482A-B2A1-6A0D719E0013}.Release|x86.Build.0 = Release|Any CPU
		{B1FC5B14-C82F-44FD-9DE0-25459AE8880F}.Debug|Any CPU.ActiveCfg = Debug|Any CPU
		{B1FC5B14-C82F-44FD-9DE0-25459AE8880F}.Debug|Any CPU.Build.0 = Debug|Any CPU
		{B1FC5B14-C82F-44FD-9DE0-25459AE8880F}.Debug|x64.ActiveCfg = Debug|Any CPU
		{B1FC5B14-C82F-44FD-9DE0-25459AE8880F}.Debug|x64.Build.0 = Debug|Any CPU
		{B1FC5B14-C82F-44FD-9DE0-25459AE8880F}.Debug|x86.ActiveCfg = Debug|Any CPU
		{B1FC5B14-C82F-44FD-9DE0-25459AE8880F}.Debug|x86.Build.0 = Debug|Any CPU
		{B1FC5B14-C82F-44FD-9DE0-25459AE8880F}.Release|Any CPU.ActiveCfg = Release|Any CPU
		{B1FC5B14-C82F-44FD-9DE0-25459AE8880F}.Release|Any CPU.Build.0 = Release|Any CPU
		{B1FC5B14-C82F-44FD-9DE0-25459AE8880F}.Release|x64.ActiveCfg = Release|Any CPU
		{B1FC5B14-C82F-44FD-9DE0-25459AE8880F}.Release|x64.Build.0 = Release|Any CPU
		{B1FC5B14-C82F-44FD-9DE0-25459AE8880F}.Release|x86.ActiveCfg = Release|Any CPU
		{B1FC5B14-C82F-44FD-9DE0-25459AE8880F}.Release|x86.Build.0 = Release|Any CPU
		{935C70F1-66C3-4CC4-BC1D-A51C1BCE01FE}.Debug|Any CPU.ActiveCfg = Debug|Any CPU
		{935C70F1-66C3-4CC4-BC1D-A51C1BCE01FE}.Debug|Any CPU.Build.0 = Debug|Any CPU
		{935C70F1-66C3-4CC4-BC1D-A51C1BCE01FE}.Debug|x64.ActiveCfg = Debug|Any CPU
		{935C70F1-66C3-4CC4-BC1D-A51C1BCE01FE}.Debug|x64.Build.0 = Debug|Any CPU
		{935C70F1-66C3-4CC4-BC1D-A51C1BCE01FE}.Debug|x86.ActiveCfg = Debug|Any CPU
		{935C70F1-66C3-4CC4-BC1D-A51C1BCE01FE}.Debug|x86.Build.0 = Debug|Any CPU
		{935C70F1-66C3-4CC4-BC1D-A51C1BCE01FE}.Release|Any CPU.ActiveCfg = Release|Any CPU
		{935C70F1-66C3-4CC4-BC1D-A51C1BCE01FE}.Release|Any CPU.Build.0 = Release|Any CPU
		{935C70F1-66C3-4CC4-BC1D-A51C1BCE01FE}.Release|x64.ActiveCfg = Release|Any CPU
		{935C70F1-66C3-4CC4-BC1D-A51C1BCE01FE}.Release|x64.Build.0 = Release|Any CPU
		{935C70F1-66C3-4CC4-BC1D-A51C1BCE01FE}.Release|x86.ActiveCfg = Release|Any CPU
		{935C70F1-66C3-4CC4-BC1D-A51C1BCE01FE}.Release|x86.Build.0 = Release|Any CPU
		{81476D95-EEF7-4CF3-912B-F0F5C79FA48D}.Debug|Any CPU.ActiveCfg = Debug|Any CPU
		{81476D95-EEF7-4CF3-912B-F0F5C79FA48D}.Debug|Any CPU.Build.0 = Debug|Any CPU
		{81476D95-EEF7-4CF3-912B-F0F5C79FA48D}.Debug|x64.ActiveCfg = Debug|Any CPU
		{81476D95-EEF7-4CF3-912B-F0F5C79FA48D}.Debug|x64.Build.0 = Debug|Any CPU
		{81476D95-EEF7-4CF3-912B-F0F5C79FA48D}.Debug|x86.ActiveCfg = Debug|Any CPU
		{81476D95-EEF7-4CF3-912B-F0F5C79FA48D}.Debug|x86.Build.0 = Debug|Any CPU
		{81476D95-EEF7-4CF3-912B-F0F5C79FA48D}.Release|Any CPU.ActiveCfg = Release|Any CPU
		{81476D95-EEF7-4CF3-912B-F0F5C79FA48D}.Release|Any CPU.Build.0 = Release|Any CPU
		{81476D95-EEF7-4CF3-912B-F0F5C79FA48D}.Release|x64.ActiveCfg = Release|Any CPU
		{81476D95-EEF7-4CF3-912B-F0F5C79FA48D}.Release|x64.Build.0 = Release|Any CPU
		{81476D95-EEF7-4CF3-912B-F0F5C79FA48D}.Release|x86.ActiveCfg = Release|Any CPU
		{81476D95-EEF7-4CF3-912B-F0F5C79FA48D}.Release|x86.Build.0 = Release|Any CPU
		{94DD8AE6-D6B4-475C-AE25-E397BFFBE0D9}.Debug|Any CPU.ActiveCfg = Debug|Any CPU
		{94DD8AE6-D6B4-475C-AE25-E397BFFBE0D9}.Debug|Any CPU.Build.0 = Debug|Any CPU
		{94DD8AE6-D6B4-475C-AE25-E397BFFBE0D9}.Debug|x64.ActiveCfg = Debug|Any CPU
		{94DD8AE6-D6B4-475C-AE25-E397BFFBE0D9}.Debug|x64.Build.0 = Debug|Any CPU
		{94DD8AE6-D6B4-475C-AE25-E397BFFBE0D9}.Debug|x86.ActiveCfg = Debug|Any CPU
		{94DD8AE6-D6B4-475C-AE25-E397BFFBE0D9}.Debug|x86.Build.0 = Debug|Any CPU
		{94DD8AE6-D6B4-475C-AE25-E397BFFBE0D9}.Release|Any CPU.ActiveCfg = Release|Any CPU
		{94DD8AE6-D6B4-475C-AE25-E397BFFBE0D9}.Release|Any CPU.Build.0 = Release|Any CPU
		{94DD8AE6-D6B4-475C-AE25-E397BFFBE0D9}.Release|x64.ActiveCfg = Release|Any CPU
		{94DD8AE6-D6B4-475C-AE25-E397BFFBE0D9}.Release|x64.Build.0 = Release|Any CPU
		{94DD8AE6-D6B4-475C-AE25-E397BFFBE0D9}.Release|x86.ActiveCfg = Release|Any CPU
		{94DD8AE6-D6B4-475C-AE25-E397BFFBE0D9}.Release|x86.Build.0 = Release|Any CPU
		{7A5CD699-184A-4632-984A-68711CB4F0F8}.Debug|Any CPU.ActiveCfg = Debug|Any CPU
		{7A5CD699-184A-4632-984A-68711CB4F0F8}.Debug|Any CPU.Build.0 = Debug|Any CPU
		{7A5CD699-184A-4632-984A-68711CB4F0F8}.Debug|x64.ActiveCfg = Debug|Any CPU
		{7A5CD699-184A-4632-984A-68711CB4F0F8}.Debug|x64.Build.0 = Debug|Any CPU
		{7A5CD699-184A-4632-984A-68711CB4F0F8}.Debug|x86.ActiveCfg = Debug|Any CPU
		{7A5CD699-184A-4632-984A-68711CB4F0F8}.Debug|x86.Build.0 = Debug|Any CPU
		{7A5CD699-184A-4632-984A-68711CB4F0F8}.Release|Any CPU.ActiveCfg = Release|Any CPU
		{7A5CD699-184A-4632-984A-68711CB4F0F8}.Release|Any CPU.Build.0 = Release|Any CPU
		{7A5CD699-184A-4632-984A-68711CB4F0F8}.Release|x64.ActiveCfg = Release|Any CPU
		{7A5CD699-184A-4632-984A-68711CB4F0F8}.Release|x64.Build.0 = Release|Any CPU
		{7A5CD699-184A-4632-984A-68711CB4F0F8}.Release|x86.ActiveCfg = Release|Any CPU
		{7A5CD699-184A-4632-984A-68711CB4F0F8}.Release|x86.Build.0 = Release|Any CPU
		{36F51E43-9097-4656-925B-B5C9FB423D2B}.Debug|Any CPU.ActiveCfg = Debug|Any CPU
		{36F51E43-9097-4656-925B-B5C9FB423D2B}.Debug|Any CPU.Build.0 = Debug|Any CPU
		{36F51E43-9097-4656-925B-B5C9FB423D2B}.Debug|x64.ActiveCfg = Debug|Any CPU
		{36F51E43-9097-4656-925B-B5C9FB423D2B}.Debug|x64.Build.0 = Debug|Any CPU
		{36F51E43-9097-4656-925B-B5C9FB423D2B}.Debug|x86.ActiveCfg = Debug|Any CPU
		{36F51E43-9097-4656-925B-B5C9FB423D2B}.Debug|x86.Build.0 = Debug|Any CPU
		{36F51E43-9097-4656-925B-B5C9FB423D2B}.Release|Any CPU.ActiveCfg = Release|Any CPU
		{36F51E43-9097-4656-925B-B5C9FB423D2B}.Release|Any CPU.Build.0 = Release|Any CPU
		{36F51E43-9097-4656-925B-B5C9FB423D2B}.Release|x64.ActiveCfg = Release|Any CPU
		{36F51E43-9097-4656-925B-B5C9FB423D2B}.Release|x64.Build.0 = Release|Any CPU
		{36F51E43-9097-4656-925B-B5C9FB423D2B}.Release|x86.ActiveCfg = Release|Any CPU
		{36F51E43-9097-4656-925B-B5C9FB423D2B}.Release|x86.Build.0 = Release|Any CPU
	EndGlobalSection
EndGlobal
